
Microsoft Visual Studio Solution File, Format Version 12.00
# Visual Studio 15
VisualStudioVersion = 15.0.28307.438
MinimumVisualStudioVersion = 10.0.40219.1
Project("{9A19103F-16F7-4668-BE54-9A1E7A4F7556}") = "Abstract Factory", "Abstract Factory\Abstract Factory.csproj", "{F9BA3BEE-8983-49DD-9AD7-3864E2429274}"
EndProject
Project("{9A19103F-16F7-4668-BE54-9A1E7A4F7556}") = "Bulder", "Bulder\Bulder.csproj", "{1D0BDBF7-951B-4C3F-8EBA-1FD7C52FDD77}"
EndProject
Project("{FAE04EC0-301F-11D3-BF4B-00C04F79EFBC}") = "Factory Method", "Factory Method\Factory Method.csproj", "{83038A59-3A44-43A3-9C0B-0AFC4A8F86FF}"
EndProject
Project("{FAE04EC0-301F-11D3-BF4B-00C04F79EFBC}") = "Prototype", "Prototype\Prototype.csproj", "{6EFECAD4-F8DC-45E4-AFFB-0FECC56B3EFA}"
EndProject
Global
	GlobalSection(SolutionConfigurationPlatforms) = preSolution
		Debug|Any CPU = Debug|Any CPU
		Release|Any CPU = Release|Any CPU
	EndGlobalSection
	GlobalSection(ProjectConfigurationPlatforms) = postSolution
		{F9BA3BEE-8983-49DD-9AD7-3864E2429274}.Debug|Any CPU.ActiveCfg = Debug|Any CPU
		{F9BA3BEE-8983-49DD-9AD7-3864E2429274}.Debug|Any CPU.Build.0 = Debug|Any CPU
		{F9BA3BEE-8983-49DD-9AD7-3864E2429274}.Release|Any CPU.ActiveCfg = Release|Any CPU
		{F9BA3BEE-8983-49DD-9AD7-3864E2429274}.Release|Any CPU.Build.0 = Release|Any CPU
		{1D0BDBF7-951B-4C3F-8EBA-1FD7C52FDD77}.Debug|Any CPU.ActiveCfg = Debug|Any CPU
		{1D0BDBF7-951B-4C3F-8EBA-1FD7C52FDD77}.Debug|Any CPU.Build.0 = Debug|Any CPU
		{1D0BDBF7-951B-4C3F-8EBA-1FD7C52FDD77}.Release|Any CPU.ActiveCfg = Release|Any CPU
		{1D0BDBF7-951B-4C3F-8EBA-1FD7C52FDD77}.Release|Any CPU.Build.0 = Release|Any CPU
		{83038A59-3A44-43A3-9C0B-0AFC4A8F86FF}.Debug|Any CPU.ActiveCfg = Debug|Any CPU
		{83038A59-3A44-43A3-9C0B-0AFC4A8F86FF}.Debug|Any CPU.Build.0 = Debug|Any CPU
		{83038A59-3A44-43A3-9C0B-0AFC4A8F86FF}.Release|Any CPU.ActiveCfg = Release|Any CPU
		{83038A59-3A44-43A3-9C0B-0AFC4A8F86FF}.Release|Any CPU.Build.0 = Release|Any CPU
		{6EFECAD4-F8DC-45E4-AFFB-0FECC56B3EFA}.Debug|Any CPU.ActiveCfg = Debug|Any CPU
		{6EFECAD4-F8DC-45E4-AFFB-0FECC56B3EFA}.Debug|Any CPU.Build.0 = Debug|Any CPU
		{6EFECAD4-F8DC-45E4-AFFB-0FECC56B3EFA}.Release|Any CPU.ActiveCfg = Release|Any CPU
		{6EFECAD4-F8DC-45E4-AFFB-0FECC56B3EFA}.Release|Any CPU.Build.0 = Release|Any CPU
	EndGlobalSection
	GlobalSection(SolutionProperties) = preSolution
		HideSolutionNode = FALSE
	EndGlobalSection
	GlobalSection(ExtensibilityGlobals) = postSolution
		SolutionGuid = {6D482AA4-3E61-434F-A89E-D9B6368D9C0D}
	EndGlobalSection
EndGlobal
